
Microsoft Visual Studio Solution File, Format Version 12.00
# Visual Studio 2013
VisualStudioVersion = 12.0.21005.1
MinimumVisualStudioVersion = 10.0.40219.1
Project("{FAE04EC0-301F-11D3-BF4B-00C04F79EFBC}") = "misSystem", "misSystem\misSystem.csproj", "{043A4363-C527-43ED-AA86-4126E0FD311C}"
EndProject
Project("{FAE04EC0-301F-11D3-BF4B-00C04F79EFBC}") = "MisSystem_ClassLibrary", "..\MisSystem_ClassLibrary\MisSystem_ClassLibrary\MisSystem_ClassLibrary.csproj", "{08D06895-8F66-424A-968A-3F2E6A215DFF}"
EndProject
Project("{FAE04EC0-301F-11D3-BF4B-00C04F79EFBC}") = "MSSQL_CON", "..\MSSQL_CON\MSSQL_CON.csproj", "{0027EF43-1700-45AF-A51D-CE23396EF980}"
EndProject
Global
	GlobalSection(SolutionConfigurationPlatforms) = preSolution
		Debug|Any CPU = Debug|Any CPU
		Debug|x64 = Debug|x64
		Debug|x86 = Debug|x86
		Release|Any CPU = Release|Any CPU
		Release|x64 = Release|x64
		Release|x86 = Release|x86
	EndGlobalSection
	GlobalSection(ProjectConfigurationPlatforms) = postSolution
		{043A4363-C527-43ED-AA86-4126E0FD311C}.Debug|Any CPU.ActiveCfg = Debug|Any CPU
		{043A4363-C527-43ED-AA86-4126E0FD311C}.Debug|Any CPU.Build.0 = Debug|Any CPU
		{043A4363-C527-43ED-AA86-4126E0FD311C}.Debug|x64.ActiveCfg = Debug|x64
		{043A4363-C527-43ED-AA86-4126E0FD311C}.Debug|x64.Build.0 = Debug|x64
		{043A4363-C527-43ED-AA86-4126E0FD311C}.Debug|x86.ActiveCfg = Debug|x86
		{043A4363-C527-43ED-AA86-4126E0FD311C}.Debug|x86.Build.0 = Debug|x86
		{043A4363-C527-43ED-AA86-4126E0FD311C}.Release|Any CPU.ActiveCfg = Release|Any CPU
		{043A4363-C527-43ED-AA86-4126E0FD311C}.Release|Any CPU.Build.0 = Release|Any CPU
		{043A4363-C527-43ED-AA86-4126E0FD311C}.Release|x64.ActiveCfg = Release|x64
		{043A4363-C527-43ED-AA86-4126E0FD311C}.Release|x64.Build.0 = Release|x64
		{043A4363-C527-43ED-AA86-4126E0FD311C}.Release|x86.ActiveCfg = Release|x86
		{043A4363-C527-43ED-AA86-4126E0FD311C}.Release|x86.Build.0 = Release|x86
		{08D06895-8F66-424A-968A-3F2E6A215DFF}.Debug|Any CPU.ActiveCfg = Debug|Any CPU
		{08D06895-8F66-424A-968A-3F2E6A215DFF}.Debug|Any CPU.Build.0 = Debug|Any CPU
		{08D06895-8F66-424A-968A-3F2E6A215DFF}.Debug|x64.ActiveCfg = Debug|x64
		{08D06895-8F66-424A-968A-3F2E6A215DFF}.Debug|x64.Build.0 = Debug|x64
		{08D06895-8F66-424A-968A-3F2E6A215DFF}.Debug|x86.ActiveCfg = Debug|x86
		{08D06895-8F66-424A-968A-3F2E6A215DFF}.Debug|x86.Build.0 = Debug|x86
		{08D06895-8F66-424A-968A-3F2E6A215DFF}.Release|Any CPU.ActiveCfg = Release|Any CPU
		{08D06895-8F66-424A-968A-3F2E6A215DFF}.Release|Any CPU.Build.0 = Release|Any CPU
		{08D06895-8F66-424A-968A-3F2E6A215DFF}.Release|x64.ActiveCfg = Release|x64
		{08D06895-8F66-424A-968A-3F2E6A215DFF}.Release|x64.Build.0 = Release|x64
		{08D06895-8F66-424A-968A-3F2E6A215DFF}.Release|x86.ActiveCfg = Release|x86
		{08D06895-8F66-424A-968A-3F2E6A215DFF}.Release|x86.Build.0 = Release|x86
		{0027EF43-1700-45AF-A51D-CE23396EF980}.Debug|Any CPU.ActiveCfg = Debug|Any CPU
		{0027EF43-1700-45AF-A51D-CE23396EF980}.Debug|Any CPU.Build.0 = Debug|Any CPU
		{0027EF43-1700-45AF-A51D-CE23396EF980}.Debug|x64.ActiveCfg = Debug|x64
		{0027EF43-1700-45AF-A51D-CE23396EF980}.Debug|x64.Build.0 = Debug|x64
		{0027EF43-1700-45AF-A51D-CE23396EF980}.Debug|x86.ActiveCfg = Debug|x86
		{0027EF43-1700-45AF-A51D-CE23396EF980}.Debug|x86.Build.0 = Debug|x86
		{0027EF43-1700-45AF-A51D-CE23396EF980}.Release|Any CPU.ActiveCfg = Release|Any CPU
		{0027EF43-1700-45AF-A51D-CE23396EF980}.Release|Any CPU.Build.0 = Release|Any CPU
		{0027EF43-1700-45AF-A51D-CE23396EF980}.Release|x64.ActiveCfg = Release|x64
		{0027EF43-1700-45AF-A51D-CE23396EF980}.Release|x64.Build.0 = Release|x64
		{0027EF43-1700-45AF-A51D-CE23396EF980}.Release|x86.ActiveCfg = Release|x86
		{0027EF43-1700-45AF-A51D-CE23396EF980}.Release|x86.Build.0 = Release|x86
	EndGlobalSection
	GlobalSection(SolutionProperties) = preSolution
		HideSolutionNode = FALSE
	EndGlobalSection
EndGlobal
